{
  "originHash" : "1b5d514931e704a9adb91c709e35d62d1e6ca77f85810354a5b9ebf7dfc82adb",
  "pins" : [
    {
      "identity" : "authlibraryios",
      "kind" : "remoteSourceControl",
      "location" : "https://github.com/cincinnatiai/AuthLibraryiOS",
      "state" : {
        "branch" : "main",
        "revision" : "cc8828b943a2b25adfc69bc37959996add4aa2c9"
      }
    },
    {
      "identity" : "aws-sdk-ios-spm",
      "kind" : "remoteSourceControl",
      "location" : "https://github.com/aws-amplify/aws-sdk-ios-spm.git",
      "state" : {
        "revision" : "512a43ed2770957d40618ad415a9826e6dd99ea9",
        "version" : "2.40.1"
      }
    }
  ],
  "version" : 3
}
